
Microsoft Visual Studio Solution File, Format Version 12.00
# Visual Studio Version 17
VisualStudioVersion = 17.2.32616.157
MinimumVisualStudioVersion = 10.0.40219.1
Project("{9A19103F-16F7-4668-BE54-9A1E7A4F7556}") = "SampleAPI.Api", "src\SampleAPI.Api\SampleAPI.Api.csproj", "{F679C194-783F-4477-8491-06A04574B150}"
EndProject
Project("{9A19103F-16F7-4668-BE54-9A1E7A4F7556}") = "SampleAPI.Api.Tests", "test\SampleAPI.Api.Tests\SampleAPI.Api.Tests.csproj", "{F1F3575E-801D-442E-A54D-4EBE70589E9A}"
EndProject
Global
	GlobalSection(SolutionConfigurationPlatforms) = preSolution
		Debug|Any CPU = Debug|Any CPU
		Release|Any CPU = Release|Any CPU
	EndGlobalSection
	GlobalSection(ProjectConfigurationPlatforms) = postSolution
		{F679C194-783F-4477-8491-06A04574B150}.Debug|Any CPU.ActiveCfg = Debug|Any CPU
		{F679C194-783F-4477-8491-06A04574B150}.Debug|Any CPU.Build.0 = Debug|Any CPU
		{F679C194-783F-4477-8491-06A04574B150}.Release|Any CPU.ActiveCfg = Release|Any CPU
		{F679C194-783F-4477-8491-06A04574B150}.Release|Any CPU.Build.0 = Release|Any CPU
		{F1F3575E-801D-442E-A54D-4EBE70589E9A}.Debug|Any CPU.ActiveCfg = Debug|Any CPU
		{F1F3575E-801D-442E-A54D-4EBE70589E9A}.Debug|Any CPU.Build.0 = Debug|Any CPU
		{F1F3575E-801D-442E-A54D-4EBE70589E9A}.Release|Any CPU.ActiveCfg = Release|Any CPU
		{F1F3575E-801D-442E-A54D-4EBE70589E9A}.Release|Any CPU.Build.0 = Release|Any CPU
	EndGlobalSection
	GlobalSection(SolutionProperties) = preSolution
		HideSolutionNode = FALSE
	EndGlobalSection
	GlobalSection(ExtensibilityGlobals) = postSolution
		SolutionGuid = {5F825F9C-5B35-4C6C-B725-BDF620D9F7CB}
	EndGlobalSection
EndGlobal
